
Microsoft Visual Studio Solution File, Format Version 12.00
# Visual Studio Version 17
VisualStudioVersion = 17.9.34723.18
MinimumVisualStudioVersion = 10.0.40219.1
Project("{FAE04EC0-301F-11D3-BF4B-00C04F79EFBC}") = "Ecommerce.WebUI", "Ecommerce.WebUI\Ecommerce.WebUI.csproj", "{412A9A09-0533-4768-8091-53F30FECE54E}"
EndProject
Project("{FAE04EC0-301F-11D3-BF4B-00C04F79EFBC}") = "Ecommerce.Domain", "Ecommerce.Domain\Ecommerce.Domain.csproj", "{8E8B1065-0FA3-4EEC-A1CD-751E89E75E6D}"
EndProject
Project("{FAE04EC0-301F-11D3-BF4B-00C04F79EFBC}") = "Ecommerce.Repository", "Ecommerce.Repository\Ecommerce.Repository.csproj", "{AF298944-3AD5-4544-8EE0-D9451D66E876}"
EndProject
Project("{FAE04EC0-301F-11D3-BF4B-00C04F79EFBC}") = "Ecommerce.DataAccess", "Ecommerce.DataAccess\Ecommerce.DataAccess.csproj", "{3AB52AF8-84A8-40D7-BC4D-7C531C154429}"
EndProject
Project("{FAE04EC0-301F-11D3-BF4B-00C04F79EFBC}") = "Ecommerce.Application", "Ecommerce.Application\Ecommerce.Application.csproj", "{053A26A9-6CCA-48F3-B932-65C65883199B}"
EndProject
Global
	GlobalSection(SolutionConfigurationPlatforms) = preSolution
		Debug|Any CPU = Debug|Any CPU
		Release|Any CPU = Release|Any CPU
	EndGlobalSection
	GlobalSection(ProjectConfigurationPlatforms) = postSolution
		{412A9A09-0533-4768-8091-53F30FECE54E}.Debug|Any CPU.ActiveCfg = Debug|Any CPU
		{412A9A09-0533-4768-8091-53F30FECE54E}.Debug|Any CPU.Build.0 = Debug|Any CPU
		{412A9A09-0533-4768-8091-53F30FECE54E}.Release|Any CPU.ActiveCfg = Release|Any CPU
		{412A9A09-0533-4768-8091-53F30FECE54E}.Release|Any CPU.Build.0 = Release|Any CPU
		{8E8B1065-0FA3-4EEC-A1CD-751E89E75E6D}.Debug|Any CPU.ActiveCfg = Debug|Any CPU
		{8E8B1065-0FA3-4EEC-A1CD-751E89E75E6D}.Debug|Any CPU.Build.0 = Debug|Any CPU
		{8E8B1065-0FA3-4EEC-A1CD-751E89E75E6D}.Release|Any CPU.ActiveCfg = Release|Any CPU
		{8E8B1065-0FA3-4EEC-A1CD-751E89E75E6D}.Release|Any CPU.Build.0 = Release|Any CPU
		{AF298944-3AD5-4544-8EE0-D9451D66E876}.Debug|Any CPU.ActiveCfg = Debug|Any CPU
		{AF298944-3AD5-4544-8EE0-D9451D66E876}.Debug|Any CPU.Build.0 = Debug|Any CPU
		{AF298944-3AD5-4544-8EE0-D9451D66E876}.Release|Any CPU.ActiveCfg = Release|Any CPU
		{AF298944-3AD5-4544-8EE0-D9451D66E876}.Release|Any CPU.Build.0 = Release|Any CPU
		{3AB52AF8-84A8-40D7-BC4D-7C531C154429}.Debug|Any CPU.ActiveCfg = Debug|Any CPU
		{3AB52AF8-84A8-40D7-BC4D-7C531C154429}.Debug|Any CPU.Build.0 = Debug|Any CPU
		{3AB52AF8-84A8-40D7-BC4D-7C531C154429}.Release|Any CPU.ActiveCfg = Release|Any CPU
		{3AB52AF8-84A8-40D7-BC4D-7C531C154429}.Release|Any CPU.Build.0 = Release|Any CPU
		{053A26A9-6CCA-48F3-B932-65C65883199B}.Debug|Any CPU.ActiveCfg = Debug|Any CPU
		{053A26A9-6CCA-48F3-B932-65C65883199B}.Debug|Any CPU.Build.0 = Debug|Any CPU
		{053A26A9-6CCA-48F3-B932-65C65883199B}.Release|Any CPU.ActiveCfg = Release|Any CPU
		{053A26A9-6CCA-48F3-B932-65C65883199B}.Release|Any CPU.Build.0 = Release|Any CPU
	EndGlobalSection
	GlobalSection(SolutionProperties) = preSolution
		HideSolutionNode = FALSE
	EndGlobalSection
	GlobalSection(ExtensibilityGlobals) = postSolution
		SolutionGuid = {EA0E0F6B-19A2-41F4-BBF0-F540A627D6F6}
	EndGlobalSection
EndGlobal
